
Microsoft Visual Studio Solution File, Format Version 12.00
# Visual Studio Version 17
VisualStudioVersion = 17.2.32630.192
MinimumVisualStudioVersion = 10.0.40219.1
Project("{FAE04EC0-301F-11D3-BF4B-00C04F79EFBC}") = "ChannelQueue", "ChannelQueue.csproj", "{55E9855C-C8B9-4580-8DA5-0D6FAD80A1BC}"
EndProject
Global
	GlobalSection(SolutionConfigurationPlatforms) = preSolution
		Debug|Any CPU = Debug|Any CPU
		Release|Any CPU = Release|Any CPU
	EndGlobalSection
	GlobalSection(ProjectConfigurationPlatforms) = postSolution
		{55E9855C-C8B9-4580-8DA5-0D6FAD80A1BC}.Debug|Any CPU.ActiveCfg = Debug|Any CPU
		{55E9855C-C8B9-4580-8DA5-0D6FAD80A1BC}.Debug|Any CPU.Build.0 = Debug|Any CPU
		{55E9855C-C8B9-4580-8DA5-0D6FAD80A1BC}.Release|Any CPU.ActiveCfg = Release|Any CPU
		{55E9855C-C8B9-4580-8DA5-0D6FAD80A1BC}.Release|Any CPU.Build.0 = Release|Any CPU
	EndGlobalSection
	GlobalSection(SolutionProperties) = preSolution
		HideSolutionNode = FALSE
	EndGlobalSection
	GlobalSection(ExtensibilityGlobals) = postSolution
		SolutionGuid = {3AB54ACF-E80E-4860-985C-F5FC1FF6E178}
	EndGlobalSection
EndGlobal
